
Microsoft Visual Studio Solution File, Format Version 12.00
# Visual Studio Version 16
VisualStudioVersion = 16.0.31129.286
MinimumVisualStudioVersion = 10.0.40219.1
Project("{9A19103F-16F7-4668-BE54-9A1E7A4F7556}") = "API", "API.csproj", "{4AF9F640-B038-4E2C-99A0-6482EB58DA6F}"
EndProject
Project("{9A19103F-16F7-4668-BE54-9A1E7A4F7556}") = "TestApiIntegration", "..\TestApiIntegration\TestApiIntegration.csproj", "{FEFE3534-F4B8-496B-B3CC-3C220D9B951B}"
EndProject
Project("{9A19103F-16F7-4668-BE54-9A1E7A4F7556}") = "Api.Sdk", "..\Api.Sdk\Api.Sdk.csproj", "{C87A02DE-F5B9-4865-8D9C-B55513E383E2}"
EndProject
Project("{9A19103F-16F7-4668-BE54-9A1E7A4F7556}") = "Api.Contracts", "..\Api.Contracts\Api.Contracts.csproj", "{5D21638B-7E41-44F5-972E-52E38594A51D}"
EndProject
Project("{9A19103F-16F7-4668-BE54-9A1E7A4F7556}") = "Api.Sdk.Sample", "..\Api.Sdk.Sample\Api.Sdk.Sample.csproj", "{F1FC8C65-E8BD-4441-BDDA-8AB368E104C8}"
EndProject
Project("{FAE04EC0-301F-11D3-BF4B-00C04F79EFBC}") = "Web.Api", "..\Web.Api\Web.Api.csproj", "{CE7DEC4A-14F6-49AA-8E95-80427968CC96}"
EndProject
Global
	GlobalSection(SolutionConfigurationPlatforms) = preSolution
		Debug|Any CPU = Debug|Any CPU
		Release|Any CPU = Release|Any CPU
	EndGlobalSection
	GlobalSection(ProjectConfigurationPlatforms) = postSolution
		{4AF9F640-B038-4E2C-99A0-6482EB58DA6F}.Debug|Any CPU.ActiveCfg = Debug|Any CPU
		{4AF9F640-B038-4E2C-99A0-6482EB58DA6F}.Debug|Any CPU.Build.0 = Debug|Any CPU
		{4AF9F640-B038-4E2C-99A0-6482EB58DA6F}.Release|Any CPU.ActiveCfg = Release|Any CPU
		{4AF9F640-B038-4E2C-99A0-6482EB58DA6F}.Release|Any CPU.Build.0 = Release|Any CPU
		{FEFE3534-F4B8-496B-B3CC-3C220D9B951B}.Debug|Any CPU.ActiveCfg = Debug|Any CPU
		{FEFE3534-F4B8-496B-B3CC-3C220D9B951B}.Debug|Any CPU.Build.0 = Debug|Any CPU
		{FEFE3534-F4B8-496B-B3CC-3C220D9B951B}.Release|Any CPU.ActiveCfg = Release|Any CPU
		{FEFE3534-F4B8-496B-B3CC-3C220D9B951B}.Release|Any CPU.Build.0 = Release|Any CPU
		{C87A02DE-F5B9-4865-8D9C-B55513E383E2}.Debug|Any CPU.ActiveCfg = Debug|Any CPU
		{C87A02DE-F5B9-4865-8D9C-B55513E383E2}.Debug|Any CPU.Build.0 = Debug|Any CPU
		{C87A02DE-F5B9-4865-8D9C-B55513E383E2}.Release|Any CPU.ActiveCfg = Release|Any CPU
		{C87A02DE-F5B9-4865-8D9C-B55513E383E2}.Release|Any CPU.Build.0 = Release|Any CPU
		{5D21638B-7E41-44F5-972E-52E38594A51D}.Debug|Any CPU.ActiveCfg = Debug|Any CPU
		{5D21638B-7E41-44F5-972E-52E38594A51D}.Debug|Any CPU.Build.0 = Debug|Any CPU
		{5D21638B-7E41-44F5-972E-52E38594A51D}.Release|Any CPU.ActiveCfg = Release|Any CPU
		{5D21638B-7E41-44F5-972E-52E38594A51D}.Release|Any CPU.Build.0 = Release|Any CPU
		{F1FC8C65-E8BD-4441-BDDA-8AB368E104C8}.Debug|Any CPU.ActiveCfg = Debug|Any CPU
		{F1FC8C65-E8BD-4441-BDDA-8AB368E104C8}.Debug|Any CPU.Build.0 = Debug|Any CPU
		{F1FC8C65-E8BD-4441-BDDA-8AB368E104C8}.Release|Any CPU.ActiveCfg = Release|Any CPU
		{F1FC8C65-E8BD-4441-BDDA-8AB368E104C8}.Release|Any CPU.Build.0 = Release|Any CPU
		{CE7DEC4A-14F6-49AA-8E95-80427968CC96}.Debug|Any CPU.ActiveCfg = Debug|Any CPU
		{CE7DEC4A-14F6-49AA-8E95-80427968CC96}.Debug|Any CPU.Build.0 = Debug|Any CPU
		{CE7DEC4A-14F6-49AA-8E95-80427968CC96}.Release|Any CPU.ActiveCfg = Release|Any CPU
		{CE7DEC4A-14F6-49AA-8E95-80427968CC96}.Release|Any CPU.Build.0 = Release|Any CPU
	EndGlobalSection
	GlobalSection(SolutionProperties) = preSolution
		HideSolutionNode = FALSE
	EndGlobalSection
	GlobalSection(ExtensibilityGlobals) = postSolution
		SolutionGuid = {1270FA40-C77A-47D8-A059-B09FAD923917}
	EndGlobalSection
EndGlobal
